
Microsoft Visual Studio Solution File, Format Version 12.00
# Visual Studio Version 16
VisualStudioVersion = 16.0.30523.141
MinimumVisualStudioVersion = 10.0.40219.1
Project("{FAE04EC0-301F-11D3-BF4B-00C04F79EFBC}") = "Log4net", "Log4net\Log4net.csproj", "{2747BFB7-7288-45D9-86D9-F912DB4CBEEB}"
EndProject
Global
	GlobalSection(SolutionConfigurationPlatforms) = preSolution
		Debug|Any CPU = Debug|Any CPU
		Release|Any CPU = Release|Any CPU
	EndGlobalSection
	GlobalSection(ProjectConfigurationPlatforms) = postSolution
		{2747BFB7-7288-45D9-86D9-F912DB4CBEEB}.Debug|Any CPU.ActiveCfg = Debug|Any CPU
		{2747BFB7-7288-45D9-86D9-F912DB4CBEEB}.Debug|Any CPU.Build.0 = Debug|Any CPU
		{2747BFB7-7288-45D9-86D9-F912DB4CBEEB}.Release|Any CPU.ActiveCfg = Release|Any CPU
		{2747BFB7-7288-45D9-86D9-F912DB4CBEEB}.Release|Any CPU.Build.0 = Release|Any CPU
	EndGlobalSection
	GlobalSection(SolutionProperties) = preSolution
		HideSolutionNode = FALSE
	EndGlobalSection
	GlobalSection(ExtensibilityGlobals) = postSolution
		SolutionGuid = {709B65D1-F140-42BA-9BB6-D819F9A5F37D}
	EndGlobalSection
EndGlobal
